
Microsoft Visual Studio Solution File, Format Version 12.00
Project("{FAE04EC0-301F-11D3-BF4B-00C04F79EFBC}") = "DIBuild", "DIBuild\DIBuild.csproj", "{2E6E1A07-F67F-4BB5-A2B4-D0E9EE037860}"
EndProject
Global
	GlobalSection(SolutionConfigurationPlatforms) = preSolution
		Debug|Any CPU = Debug|Any CPU
		Release|Any CPU = Release|Any CPU
	EndGlobalSection
	GlobalSection(ProjectConfigurationPlatforms) = postSolution
		{2E6E1A07-F67F-4BB5-A2B4-D0E9EE037860}.Debug|Any CPU.ActiveCfg = Debug|Any CPU
		{2E6E1A07-F67F-4BB5-A2B4-D0E9EE037860}.Debug|Any CPU.Build.0 = Debug|Any CPU
		{2E6E1A07-F67F-4BB5-A2B4-D0E9EE037860}.Release|Any CPU.ActiveCfg = Release|Any CPU
		{2E6E1A07-F67F-4BB5-A2B4-D0E9EE037860}.Release|Any CPU.Build.0 = Release|Any CPU
	EndGlobalSection
EndGlobal
